
Microsoft Visual Studio Solution File, Format Version 12.00
# Visual Studio Version 16
VisualStudioVersion = 16.0.31624.102
MinimumVisualStudioVersion = 10.0.40219.1
Project("{FAE04EC0-301F-11D3-BF4B-00C04F79EFBC}") = "SalesApp.Android", "SalesApp\SalesApp.Android\SalesApp.Android.csproj", "{3576EE6A-5070-4F0B-948A-D7799C2B4EFF}"
EndProject
Project("{FAE04EC0-301F-11D3-BF4B-00C04F79EFBC}") = "SalesApp.iOS", "SalesApp\SalesApp.iOS\SalesApp.iOS.csproj", "{2F01C14E-BD72-4355-8F27-EE1D0F1DD502}"
EndProject
Project("{9A19103F-16F7-4668-BE54-9A1E7A4F7556}") = "SalesApp", "SalesApp\SalesApp\SalesApp.csproj", "{3AD34AB1-5E80-4BE6-86AF-5533FC4A6E6C}"
EndProject
Global
	GlobalSection(SolutionConfigurationPlatforms) = preSolution
		Debug NOORLEN|Any CPU = Debug NOORLEN|Any CPU
		Debug NOORLEN|iPhone = Debug NOORLEN|iPhone
		Debug NOORLEN|iPhoneSimulator = Debug NOORLEN|iPhoneSimulator
		Debug NOORLEN|x64 = Debug NOORLEN|x64
		Debug NOORLEN|x86 = Debug NOORLEN|x86
		Debug|Any CPU = Debug|Any CPU
		Debug|iPhone = Debug|iPhone
		Debug|iPhoneSimulator = Debug|iPhoneSimulator
		Debug|x64 = Debug|x64
		Debug|x86 = Debug|x86
		Release NOORLEN|Any CPU = Release NOORLEN|Any CPU
		Release NOORLEN|iPhone = Release NOORLEN|iPhone
		Release NOORLEN|iPhoneSimulator = Release NOORLEN|iPhoneSimulator
		Release NOORLEN|x64 = Release NOORLEN|x64
		Release NOORLEN|x86 = Release NOORLEN|x86
		Release|Any CPU = Release|Any CPU
		Release|iPhone = Release|iPhone
		Release|iPhoneSimulator = Release|iPhoneSimulator
		Release|x64 = Release|x64
		Release|x86 = Release|x86
	EndGlobalSection
	GlobalSection(ProjectConfigurationPlatforms) = postSolution
		{3576EE6A-5070-4F0B-948A-D7799C2B4EFF}.Debug NOORLEN|Any CPU.ActiveCfg = Debug|Any CPU
		{3576EE6A-5070-4F0B-948A-D7799C2B4EFF}.Debug NOORLEN|Any CPU.Build.0 = Debug|Any CPU
		{3576EE6A-5070-4F0B-948A-D7799C2B4EFF}.Debug NOORLEN|Any CPU.Deploy.0 = Debug|Any CPU
		{3576EE6A-5070-4F0B-948A-D7799C2B4EFF}.Debug NOORLEN|iPhone.ActiveCfg = Debug|Any CPU
		{3576EE6A-5070-4F0B-948A-D7799C2B4EFF}.Debug NOORLEN|iPhone.Build.0 = Debug|Any CPU
		{3576EE6A-5070-4F0B-948A-D7799C2B4EFF}.Debug NOORLEN|iPhone.Deploy.0 = Debug|Any CPU
		{3576EE6A-5070-4F0B-948A-D7799C2B4EFF}.Debug NOORLEN|iPhoneSimulator.ActiveCfg = Debug|Any CPU
		{3576EE6A-5070-4F0B-948A-D7799C2B4EFF}.Debug NOORLEN|iPhoneSimulator.Build.0 = Debug|Any CPU
		{3576EE6A-5070-4F0B-948A-D7799C2B4EFF}.Debug NOORLEN|iPhoneSimulator.Deploy.0 = Debug|Any CPU
		{3576EE6A-5070-4F0B-948A-D7799C2B4EFF}.Debug NOORLEN|x64.ActiveCfg = Debug|Any CPU
		{3576EE6A-5070-4F0B-948A-D7799C2B4EFF}.Debug NOORLEN|x64.Build.0 = Debug|Any CPU
		{3576EE6A-5070-4F0B-948A-D7799C2B4EFF}.Debug NOORLEN|x64.Deploy.0 = Debug|Any CPU
		{3576EE6A-5070-4F0B-948A-D7799C2B4EFF}.Debug NOORLEN|x86.ActiveCfg = Debug|Any CPU
		{3576EE6A-5070-4F0B-948A-D7799C2B4EFF}.Debug NOORLEN|x86.Build.0 = Debug|Any CPU
		{3576EE6A-5070-4F0B-948A-D7799C2B4EFF}.Debug NOORLEN|x86.Deploy.0 = Debug|Any CPU
		{3576EE6A-5070-4F0B-948A-D7799C2B4EFF}.Debug|Any CPU.ActiveCfg = Debug|Any CPU
		{3576EE6A-5070-4F0B-948A-D7799C2B4EFF}.Debug|Any CPU.Build.0 = Debug|Any CPU
		{3576EE6A-5070-4F0B-948A-D7799C2B4EFF}.Debug|Any CPU.Deploy.0 = Debug|Any CPU
		{3576EE6A-5070-4F0B-948A-D7799C2B4EFF}.Debug|iPhone.ActiveCfg = Debug|Any CPU
		{3576EE6A-5070-4F0B-948A-D7799C2B4EFF}.Debug|iPhone.Build.0 = Debug|Any CPU
		{3576EE6A-5070-4F0B-948A-D7799C2B4EFF}.Debug|iPhone.Deploy.0 = Debug|Any CPU
		{3576EE6A-5070-4F0B-948A-D7799C2B4EFF}.Debug|iPhoneSimulator.ActiveCfg = Debug|Any CPU
		{3576EE6A-5070-4F0B-948A-D7799C2B4EFF}.Debug|iPhoneSimulator.Build.0 = Debug|Any CPU
		{3576EE6A-5070-4F0B-948A-D7799C2B4EFF}.Debug|iPhoneSimulator.Deploy.0 = Debug|Any CPU
		{3576EE6A-5070-4F0B-948A-D7799C2B4EFF}.Debug|x64.ActiveCfg = Debug|Any CPU
		{3576EE6A-5070-4F0B-948A-D7799C2B4EFF}.Debug|x64.Build.0 = Debug|Any CPU
		{3576EE6A-5070-4F0B-948A-D7799C2B4EFF}.Debug|x64.Deploy.0 = Debug|Any CPU
		{3576EE6A-5070-4F0B-948A-D7799C2B4EFF}.Debug|x86.ActiveCfg = Debug|Any CPU
		{3576EE6A-5070-4F0B-948A-D7799C2B4EFF}.Debug|x86.Build.0 = Debug|Any CPU
		{3576EE6A-5070-4F0B-948A-D7799C2B4EFF}.Debug|x86.Deploy.0 = Debug|Any CPU
		{3576EE6A-5070-4F0B-948A-D7799C2B4EFF}.Release NOORLEN|Any CPU.ActiveCfg = Release|Any CPU
		{3576EE6A-5070-4F0B-948A-D7799C2B4EFF}.Release NOORLEN|Any CPU.Build.0 = Release|Any CPU
		{3576EE6A-5070-4F0B-948A-D7799C2B4EFF}.Release NOORLEN|Any CPU.Deploy.0 = Release|Any CPU
		{3576EE6A-5070-4F0B-948A-D7799C2B4EFF}.Release NOORLEN|iPhone.ActiveCfg = Release|Any CPU
		{3576EE6A-5070-4F0B-948A-D7799C2B4EFF}.Release NOORLEN|iPhone.Build.0 = Release|Any CPU
		{3576EE6A-5070-4F0B-948A-D7799C2B4EFF}.Release NOORLEN|iPhone.Deploy.0 = Release|Any CPU
		{3576EE6A-5070-4F0B-948A-D7799C2B4EFF}.Release NOORLEN|iPhoneSimulator.ActiveCfg = Release|Any CPU
		{3576EE6A-5070-4F0B-948A-D7799C2B4EFF}.Release NOORLEN|iPhoneSimulator.Build.0 = Release|Any CPU
		{3576EE6A-5070-4F0B-948A-D7799C2B4EFF}.Release NOORLEN|iPhoneSimulator.Deploy.0 = Release|Any CPU
		{3576EE6A-5070-4F0B-948A-D7799C2B4EFF}.Release NOORLEN|x64.ActiveCfg = Release|Any CPU
		{3576EE6A-5070-4F0B-948A-D7799C2B4EFF}.Release NOORLEN|x64.Build.0 = Release|Any CPU
		{3576EE6A-5070-4F0B-948A-D7799C2B4EFF}.Release NOORLEN|x64.Deploy.0 = Release|Any CPU
		{3576EE6A-5070-4F0B-948A-D7799C2B4EFF}.Release NOORLEN|x86.ActiveCfg = Release|Any CPU
		{3576EE6A-5070-4F0B-948A-D7799C2B4EFF}.Release NOORLEN|x86.Build.0 = Release|Any CPU
		{3576EE6A-5070-4F0B-948A-D7799C2B4EFF}.Release NOORLEN|x86.Deploy.0 = Release|Any CPU
		{3576EE6A-5070-4F0B-948A-D7799C2B4EFF}.Release|Any CPU.ActiveCfg = Release|Any CPU
		{3576EE6A-5070-4F0B-948A-D7799C2B4EFF}.Release|Any CPU.Build.0 = Release|Any CPU
		{3576EE6A-5070-4F0B-948A-D7799C2B4EFF}.Release|Any CPU.Deploy.0 = Release|Any CPU
		{3576EE6A-5070-4F0B-948A-D7799C2B4EFF}.Release|iPhone.ActiveCfg = Release|Any CPU
		{3576EE6A-5070-4F0B-948A-D7799C2B4EFF}.Release|iPhone.Build.0 = Release|Any CPU
		{3576EE6A-5070-4F0B-948A-D7799C2B4EFF}.Release|iPhone.Deploy.0 = Release|Any CPU
		{3576EE6A-5070-4F0B-948A-D7799C2B4EFF}.Release|iPhoneSimulator.ActiveCfg = Release|Any CPU
		{3576EE6A-5070-4F0B-948A-D7799C2B4EFF}.Release|iPhoneSimulator.Build.0 = Release|Any CPU
		{3576EE6A-5070-4F0B-948A-D7799C2B4EFF}.Release|iPhoneSimulator.Deploy.0 = Release|Any CPU
		{3576EE6A-5070-4F0B-948A-D7799C2B4EFF}.Release|x64.ActiveCfg = Release|Any CPU
		{3576EE6A-5070-4F0B-948A-D7799C2B4EFF}.Release|x64.Build.0 = Release|Any CPU
		{3576EE6A-5070-4F0B-948A-D7799C2B4EFF}.Release|x64.Deploy.0 = Release|Any CPU
		{3576EE6A-5070-4F0B-948A-D7799C2B4EFF}.Release|x86.ActiveCfg = Release|Any CPU
		{3576EE6A-5070-4F0B-948A-D7799C2B4EFF}.Release|x86.Build.0 = Release|Any CPU
		{3576EE6A-5070-4F0B-948A-D7799C2B4EFF}.Release|x86.Deploy.0 = Release|Any CPU
		{2F01C14E-BD72-4355-8F27-EE1D0F1DD502}.Debug NOORLEN|Any CPU.ActiveCfg = Release|iPhone
		{2F01C14E-BD72-4355-8F27-EE1D0F1DD502}.Debug NOORLEN|Any CPU.Build.0 = Release|iPhone
		{2F01C14E-BD72-4355-8F27-EE1D0F1DD502}.Debug NOORLEN|iPhone.ActiveCfg = Debug|iPhone
		{2F01C14E-BD72-4355-8F27-EE1D0F1DD502}.Debug NOORLEN|iPhone.Build.0 = Debug|iPhone
		{2F01C14E-BD72-4355-8F27-EE1D0F1DD502}.Debug NOORLEN|iPhoneSimulator.ActiveCfg = Debug|iPhoneSimulator
		{2F01C14E-BD72-4355-8F27-EE1D0F1DD502}.Debug NOORLEN|iPhoneSimulator.Build.0 = Debug|iPhoneSimulator
		{2F01C14E-BD72-4355-8F27-EE1D0F1DD502}.Debug NOORLEN|x64.ActiveCfg = Release|iPhone
		{2F01C14E-BD72-4355-8F27-EE1D0F1DD502}.Debug NOORLEN|x64.Build.0 = Release|iPhone
		{2F01C14E-BD72-4355-8F27-EE1D0F1DD502}.Debug NOORLEN|x86.ActiveCfg = Release|iPhone
		{2F01C14E-BD72-4355-8F27-EE1D0F1DD502}.Debug NOORLEN|x86.Build.0 = Release|iPhone
		{2F01C14E-BD72-4355-8F27-EE1D0F1DD502}.Debug|Any CPU.ActiveCfg = Debug|iPhone
		{2F01C14E-BD72-4355-8F27-EE1D0F1DD502}.Debug|Any CPU.Build.0 = Debug|iPhone
		{2F01C14E-BD72-4355-8F27-EE1D0F1DD502}.Debug|Any CPU.Deploy.0 = Debug|iPhone
		{2F01C14E-BD72-4355-8F27-EE1D0F1DD502}.Debug|iPhone.ActiveCfg = Debug|iPhone
		{2F01C14E-BD72-4355-8F27-EE1D0F1DD502}.Debug|iPhone.Build.0 = Debug|iPhone
		{2F01C14E-BD72-4355-8F27-EE1D0F1DD502}.Debug|iPhone.Deploy.0 = Debug|iPhone
		{2F01C14E-BD72-4355-8F27-EE1D0F1DD502}.Debug|iPhoneSimulator.ActiveCfg = Debug|iPhoneSimulator
		{2F01C14E-BD72-4355-8F27-EE1D0F1DD502}.Debug|iPhoneSimulator.Build.0 = Debug|iPhoneSimulator
		{2F01C14E-BD72-4355-8F27-EE1D0F1DD502}.Debug|iPhoneSimulator.Deploy.0 = Debug|iPhoneSimulator
		{2F01C14E-BD72-4355-8F27-EE1D0F1DD502}.Debug|x64.ActiveCfg = Debug|iPhoneSimulator
		{2F01C14E-BD72-4355-8F27-EE1D0F1DD502}.Debug|x86.ActiveCfg = Debug|iPhoneSimulator
		{2F01C14E-BD72-4355-8F27-EE1D0F1DD502}.Release NOORLEN|Any CPU.ActiveCfg = Release|iPhone
		{2F01C14E-BD72-4355-8F27-EE1D0F1DD502}.Release NOORLEN|Any CPU.Build.0 = Release|iPhone
		{2F01C14E-BD72-4355-8F27-EE1D0F1DD502}.Release NOORLEN|iPhone.ActiveCfg = Release|iPhone
		{2F01C14E-BD72-4355-8F27-EE1D0F1DD502}.Release NOORLEN|iPhone.Build.0 = Release|iPhone
		{2F01C14E-BD72-4355-8F27-EE1D0F1DD502}.Release NOORLEN|iPhoneSimulator.ActiveCfg = Release|iPhoneSimulator
		{2F01C14E-BD72-4355-8F27-EE1D0F1DD502}.Release NOORLEN|iPhoneSimulator.Build.0 = Release|iPhoneSimulator
		{2F01C14E-BD72-4355-8F27-EE1D0F1DD502}.Release NOORLEN|x64.ActiveCfg = Release|iPhone
		{2F01C14E-BD72-4355-8F27-EE1D0F1DD502}.Release NOORLEN|x64.Build.0 = Release|iPhone
		{2F01C14E-BD72-4355-8F27-EE1D0F1DD502}.Release NOORLEN|x86.ActiveCfg = Release|iPhone
		{2F01C14E-BD72-4355-8F27-EE1D0F1DD502}.Release NOORLEN|x86.Build.0 = Release|iPhone
		{2F01C14E-BD72-4355-8F27-EE1D0F1DD502}.Release|Any CPU.ActiveCfg = Release|iPhoneSimulator
		{2F01C14E-BD72-4355-8F27-EE1D0F1DD502}.Release|Any CPU.Build.0 = Release|iPhoneSimulator
		{2F01C14E-BD72-4355-8F27-EE1D0F1DD502}.Release|Any CPU.Deploy.0 = Release|iPhoneSimulator
		{2F01C14E-BD72-4355-8F27-EE1D0F1DD502}.Release|iPhone.ActiveCfg = Release|iPhone
		{2F01C14E-BD72-4355-8F27-EE1D0F1DD502}.Release|iPhone.Build.0 = Release|iPhone
		{2F01C14E-BD72-4355-8F27-EE1D0F1DD502}.Release|iPhone.Deploy.0 = Release|iPhone
		{2F01C14E-BD72-4355-8F27-EE1D0F1DD502}.Release|iPhoneSimulator.ActiveCfg = Release|iPhoneSimulator
		{2F01C14E-BD72-4355-8F27-EE1D0F1DD502}.Release|iPhoneSimulator.Build.0 = Release|iPhoneSimulator
		{2F01C14E-BD72-4355-8F27-EE1D0F1DD502}.Release|iPhoneSimulator.Deploy.0 = Release|iPhoneSimulator
		{2F01C14E-BD72-4355-8F27-EE1D0F1DD502}.Release|x64.ActiveCfg = Release|iPhone
		{2F01C14E-BD72-4355-8F27-EE1D0F1DD502}.Release|x86.ActiveCfg = Release|iPhone
		{3AD34AB1-5E80-4BE6-86AF-5533FC4A6E6C}.Debug NOORLEN|Any CPU.ActiveCfg = Debug|Any CPU
		{3AD34AB1-5E80-4BE6-86AF-5533FC4A6E6C}.Debug NOORLEN|Any CPU.Build.0 = Debug|Any CPU
		{3AD34AB1-5E80-4BE6-86AF-5533FC4A6E6C}.Debug NOORLEN|iPhone.ActiveCfg = Debug|Any CPU
		{3AD34AB1-5E80-4BE6-86AF-5533FC4A6E6C}.Debug NOORLEN|iPhone.Build.0 = Debug|Any CPU
		{3AD34AB1-5E80-4BE6-86AF-5533FC4A6E6C}.Debug NOORLEN|iPhoneSimulator.ActiveCfg = Debug|Any CPU
		{3AD34AB1-5E80-4BE6-86AF-5533FC4A6E6C}.Debug NOORLEN|iPhoneSimulator.Build.0 = Debug|Any CPU
		{3AD34AB1-5E80-4BE6-86AF-5533FC4A6E6C}.Debug NOORLEN|x64.ActiveCfg = Debug|Any CPU
		{3AD34AB1-5E80-4BE6-86AF-5533FC4A6E6C}.Debug NOORLEN|x64.Build.0 = Debug|Any CPU
		{3AD34AB1-5E80-4BE6-86AF-5533FC4A6E6C}.Debug NOORLEN|x86.ActiveCfg = Debug|Any CPU
		{3AD34AB1-5E80-4BE6-86AF-5533FC4A6E6C}.Debug NOORLEN|x86.Build.0 = Debug|Any CPU
		{3AD34AB1-5E80-4BE6-86AF-5533FC4A6E6C}.Debug|Any CPU.ActiveCfg = Debug|Any CPU
		{3AD34AB1-5E80-4BE6-86AF-5533FC4A6E6C}.Debug|Any CPU.Build.0 = Debug|Any CPU
		{3AD34AB1-5E80-4BE6-86AF-5533FC4A6E6C}.Debug|Any CPU.Deploy.0 = Debug|Any CPU
		{3AD34AB1-5E80-4BE6-86AF-5533FC4A6E6C}.Debug|iPhone.ActiveCfg = Debug|Any CPU
		{3AD34AB1-5E80-4BE6-86AF-5533FC4A6E6C}.Debug|iPhone.Build.0 = Debug|Any CPU
		{3AD34AB1-5E80-4BE6-86AF-5533FC4A6E6C}.Debug|iPhone.Deploy.0 = Debug|Any CPU
		{3AD34AB1-5E80-4BE6-86AF-5533FC4A6E6C}.Debug|iPhoneSimulator.ActiveCfg = Debug|Any CPU
		{3AD34AB1-5E80-4BE6-86AF-5533FC4A6E6C}.Debug|iPhoneSimulator.Build.0 = Debug|Any CPU
		{3AD34AB1-5E80-4BE6-86AF-5533FC4A6E6C}.Debug|iPhoneSimulator.Deploy.0 = Debug|Any CPU
		{3AD34AB1-5E80-4BE6-86AF-5533FC4A6E6C}.Debug|x64.ActiveCfg = Debug|Any CPU
		{3AD34AB1-5E80-4BE6-86AF-5533FC4A6E6C}.Debug|x64.Build.0 = Debug|Any CPU
		{3AD34AB1-5E80-4BE6-86AF-5533FC4A6E6C}.Debug|x86.ActiveCfg = Debug|Any CPU
		{3AD34AB1-5E80-4BE6-86AF-5533FC4A6E6C}.Debug|x86.Build.0 = Debug|Any CPU
		{3AD34AB1-5E80-4BE6-86AF-5533FC4A6E6C}.Release NOORLEN|Any CPU.ActiveCfg = Release|Any CPU
		{3AD34AB1-5E80-4BE6-86AF-5533FC4A6E6C}.Release NOORLEN|Any CPU.Build.0 = Release|Any CPU
		{3AD34AB1-5E80-4BE6-86AF-5533FC4A6E6C}.Release NOORLEN|iPhone.ActiveCfg = Release|Any CPU
		{3AD34AB1-5E80-4BE6-86AF-5533FC4A6E6C}.Release NOORLEN|iPhone.Build.0 = Release|Any CPU
		{3AD34AB1-5E80-4BE6-86AF-5533FC4A6E6C}.Release NOORLEN|iPhoneSimulator.ActiveCfg = Release|Any CPU
		{3AD34AB1-5E80-4BE6-86AF-5533FC4A6E6C}.Release NOORLEN|iPhoneSimulator.Build.0 = Release|Any CPU
		{3AD34AB1-5E80-4BE6-86AF-5533FC4A6E6C}.Release NOORLEN|x64.ActiveCfg = Release|Any CPU
		{3AD34AB1-5E80-4BE6-86AF-5533FC4A6E6C}.Release NOORLEN|x64.Build.0 = Release|Any CPU
		{3AD34AB1-5E80-4BE6-86AF-5533FC4A6E6C}.Release NOORLEN|x86.ActiveCfg = Release|Any CPU
		{3AD34AB1-5E80-4BE6-86AF-5533FC4A6E6C}.Release NOORLEN|x86.Build.0 = Release|Any CPU
		{3AD34AB1-5E80-4BE6-86AF-5533FC4A6E6C}.Release|Any CPU.ActiveCfg = Release|Any CPU
		{3AD34AB1-5E80-4BE6-86AF-5533FC4A6E6C}.Release|Any CPU.Build.0 = Release|Any CPU
		{3AD34AB1-5E80-4BE6-86AF-5533FC4A6E6C}.Release|Any CPU.Deploy.0 = Release|Any CPU
		{3AD34AB1-5E80-4BE6-86AF-5533FC4A6E6C}.Release|iPhone.ActiveCfg = Release|Any CPU
		{3AD34AB1-5E80-4BE6-86AF-5533FC4A6E6C}.Release|iPhone.Build.0 = Release|Any CPU
		{3AD34AB1-5E80-4BE6-86AF-5533FC4A6E6C}.Release|iPhone.Deploy.0 = Release|Any CPU
		{3AD34AB1-5E80-4BE6-86AF-5533FC4A6E6C}.Release|iPhoneSimulator.ActiveCfg = Release|Any CPU
		{3AD34AB1-5E80-4BE6-86AF-5533FC4A6E6C}.Release|iPhoneSimulator.Build.0 = Release|Any CPU
		{3AD34AB1-5E80-4BE6-86AF-5533FC4A6E6C}.Release|iPhoneSimulator.Deploy.0 = Release|Any CPU
		{3AD34AB1-5E80-4BE6-86AF-5533FC4A6E6C}.Release|x64.ActiveCfg = Release|Any CPU
		{3AD34AB1-5E80-4BE6-86AF-5533FC4A6E6C}.Release|x64.Build.0 = Release|Any CPU
		{3AD34AB1-5E80-4BE6-86AF-5533FC4A6E6C}.Release|x86.ActiveCfg = Release|Any CPU
		{3AD34AB1-5E80-4BE6-86AF-5533FC4A6E6C}.Release|x86.Build.0 = Release|Any CPU
	EndGlobalSection
	GlobalSection(SolutionProperties) = preSolution
		HideSolutionNode = FALSE
	EndGlobalSection
	GlobalSection(ExtensibilityGlobals) = postSolution
		SolutionGuid = {3FA233D1-1DEC-4003-9CF6-2256F02E1B66}
	EndGlobalSection
EndGlobal
